
Microsoft Visual Studio Solution File, Format Version 12.00
# Visual Studio Version 17
VisualStudioVersion = 17.6.33829.357
MinimumVisualStudioVersion = 10.0.40219.1
Project("{FAE04EC0-301F-11D3-BF4B-00C04F79EFBC}") = "Task 2", "Task 2\Task 2.csproj", "{6488FB1F-B243-490C-8E02-1774310876F9}"
EndProject
Global
	GlobalSection(SolutionConfigurationPlatforms) = preSolution
		Debug|Any CPU = Debug|Any CPU
		Release|Any CPU = Release|Any CPU
	EndGlobalSection
	GlobalSection(ProjectConfigurationPlatforms) = postSolution
		{6488FB1F-B243-490C-8E02-1774310876F9}.Debug|Any CPU.ActiveCfg = Debug|Any CPU
		{6488FB1F-B243-490C-8E02-1774310876F9}.Debug|Any CPU.Build.0 = Debug|Any CPU
		{6488FB1F-B243-490C-8E02-1774310876F9}.Release|Any CPU.ActiveCfg = Release|Any CPU
		{6488FB1F-B243-490C-8E02-1774310876F9}.Release|Any CPU.Build.0 = Release|Any CPU
	EndGlobalSection
	GlobalSection(SolutionProperties) = preSolution
		HideSolutionNode = FALSE
	EndGlobalSection
	GlobalSection(ExtensibilityGlobals) = postSolution
		SolutionGuid = {3F63EF63-79F7-4803-A962-63C147059C78}
	EndGlobalSection
EndGlobal
